FORGE
  remote: https://forgeapi.puppetlabs.com
  specs:
    puppetlabs-chocolatey (3.0.0)
      puppetlabs-powershell (< 3.0.0, >= 1.0.1)
      puppetlabs-registry (< 3.0.0, >= 1.0.0)
      puppetlabs-stdlib (< 5.0.0, >= 4.6.0)
    puppetlabs-powershell (2.1.5)
    puppetlabs-registry (2.0.1)
    puppetlabs-stdlib (4.25.1)

GIT
  remote: https://github.com/Flaniga3/puppet-redhat_setup.git
  ref: 0.1.0
  sha: 8952a3272e9c30ea049ef6e244f2916b368126b1
  specs:
    flaniga3-redhat_setup (0.1.0)

GIT
  remote: https://github.com/Flaniga3/puppet-windows_setup.git
  ref: 0.1.0
  sha: adb0dd4ffc7736ae463d5e8d3ce0fa2d889f8eda
  specs:
    flaniga3-windows_setup (0.1.0)
      puppetlabs-chocolatey (>= 0)

DEPENDENCIES
  flaniga3-redhat_setup (= 0.1.0)
  flaniga3-windows_setup (= 0.1.0)
  puppetlabs-chocolatey (= 3.0.0)

